Microsoft Visual Studio Solution File, Format Version 11.00
# Visual Studio 2012
Project("{2211E0A3-FD3C-8507-5907-20BCB747E94A}") = "Channel Manager", "Channel Manager.vcxproj", "{039326E3-03D4-CBBC-1B84-900157278E42}"
EndProject
Global
	GlobalSection(SolutionConfigurationPlatforms) = preSolution
		Debug|Win32 = Debug|Win32
		Release|Win32 = Release|Win32
	EndGlobalSection
	GlobalSection(ProjectConfigurationPlatforms) = postSolution
		{039326E3-03D4-CBBC-1B84-900157278E42}.Debug|Win32.ActiveCfg = Debug|Win32
		{039326E3-03D4-CBBC-1B84-900157278E42}.Debug|Win32.Build.0 = Debug|Win32
		{039326E3-03D4-CBBC-1B84-900157278E42}.Release|Win32.ActiveCfg = Release|Win32
		{039326E3-03D4-CBBC-1B84-900157278E42}.Release|Win32.Build.0 = Release|Win32
	EndGlobalSection
	GlobalSection(SolutionProperties) = preSolution
		HideSolutionNode = FALSE
	EndGlobalSection
EndGlobal
